// !$*UTF8*$!
{
	archiveVersion = 1;
	classes = {
	};
	objectVersion = 46;
	objects = {

/* Begin PBXBuildFile section */
		36984A5984AFA4F59219FF41 /* Pods_ChallengeYourselfUITests.framework in Frameworks */ = {isa = PBXBuildFile; fileRef = 467FEE79A43709BB68E5F425 /* Pods_ChallengeYourselfUITests.framework */; };
		5C0187056D53022B7C8A1549 /* Pods_ChallengeYourself.framework in Frameworks */ = {isa = PBXBuildFile; fileRef = CFD92646602F80F2725BA2DF /* Pods_ChallengeYourself.framework */; };
		9826069C1E7697E5000C29E7 /* UserDetails.swift in Sources */ = {isa = PBXBuildFile; fileRef = 9826069B1E7697E5000C29E7 /* UserDetails.swift */; };
		9826069E1E7A9236000C29E7 /* Question.swift in Sources */ = {isa = PBXBuildFile; fileRef = 9826069D1E7A9236000C29E7 /* Question.swift */; };
		982606A01E7A9540000C29E7 /* Answer.swift in Sources */ = {isa = PBXBuildFile; fileRef = 9826069F1E7A9540000C29E7 /* Answer.swift */; };
		982606A21E7ADD2E000C29E7 /* AnswerCell.swift in Sources */ = {isa = PBXBuildFile; fileRef = 982606A11E7ADD2E000C29E7 /* AnswerCell.swift */; };
		9829FE051E5B135700632E08 /* Discipline.swift in Sources */ = {isa = PBXBuildFile; fileRef = 9829FE041E5B135700632E08 /* Discipline.swift */; };
		9829FE071E5B365A00632E08 /* DataManager.swift in Sources */ = {isa = PBXBuildFile; fileRef = 9829FE061E5B365A00632E08 /* DataManager.swift */; };
		9829FE0A1E5B3BF000632E08 /* CacheManager.swift in Sources */ = {isa = PBXBuildFile; fileRef = 9829FE091E5B3BF000632E08 /* CacheManager.swift */; };
		9829FE0E1E5C288D00632E08 /* ParseUtils.swift in Sources */ = {isa = PBXBuildFile; fileRef = 9829FE0D1E5C288D00632E08 /* ParseUtils.swift */; };
		98555A0E1E696F7E002D430A /* LeaderboardUser.swift in Sources */ = {isa = PBXBuildFile; fileRef = 98555A0D1E696F7E002D430A /* LeaderboardUser.swift */; };
		98555A101E6975B2002D430A /* LeaderboardCell.swift in Sources */ = {isa = PBXBuildFile; fileRef = 98555A0F1E6975B2002D430A /* LeaderboardCell.swift */; };
		985C3B081E4B5C85003179A4 /* CompetitionController.swift in Sources */ = {isa = PBXBuildFile; fileRef = 985C3B071E4B5C85003179A4 /* CompetitionController.swift */; };
		985C3B0C1E4B6037003179A4 /* CompetitionCell.swift in Sources */ = {isa = PBXBuildFile; fileRef = 985C3B0B1E4B6037003179A4 /* CompetitionCell.swift */; };
		985C3B131E5300CD003179A4 /* NetworkAssistant.swift in Sources */ = {isa = PBXBuildFile; fileRef = 985C3B121E5300CD003179A4 /* NetworkAssistant.swift */; };
		986DF20F1E486BD900DE6335 /* AppDelegate.swift in Sources */ = {isa = PBXBuildFile; fileRef = 986DF20E1E486BD900DE6335 /* AppDelegate.swift */; };
		986DF2111E486BD900DE6335 /* LoginController.swift in Sources */ = {isa = PBXBuildFile; fileRef = 986DF2101E486BD900DE6335 /* LoginController.swift */; };
		986DF2141E486BD900DE6335 /* Main.storyboard in Resources */ = {isa = PBXBuildFile; fileRef = 986DF2121E486BD900DE6335 /* Main.storyboard */; };
		986DF2161E486BD900DE6335 /* Assets.xcassets in Resources */ = {isa = PBXBuildFile; fileRef = 986DF2151E486BD900DE6335 /* Assets.xcassets */; };
		986DF2191E486BD900DE6335 /* LaunchScreen.storyboard in Resources */ = {isa = PBXBuildFile; fileRef = 986DF2171E486BD900DE6335 /* LaunchScreen.storyboard */; };
		986DF2241E486BD900DE6335 /* ChallengeYourselfTests.swift in Sources */ = {isa = PBXBuildFile; fileRef = 986DF2231E486BD900DE6335 /* ChallengeYourselfTests.swift */; };
		986DF22F1E486BD900DE6335 /* ChallengeYourselfUITests.swift in Sources */ = {isa = PBXBuildFile; fileRef = 986DF22E1E486BD900DE6335 /* ChallengeYourselfUITests.swift */; };
		986DF23D1E48D15100DE6335 /* HomeController.swift in Sources */ = {isa = PBXBuildFile; fileRef = 986DF23C1E48D15100DE6335 /* HomeController.swift */; };
		98E03AB31E71A99500AF4495 /* AnswerQuestionController.swift in Sources */ = {isa = PBXBuildFile; fileRef = 98E03AB21E71A99500AF4495 /* AnswerQuestionController.swift */; };
		98ECF3BA1E642D3600ACB56D /* LeaderboardViewController.swift in Sources */ = {isa = PBXBuildFile; fileRef = 98ECF3B91E642D3600ACB56D /* LeaderboardViewController.swift */; };
		98ECF3BD1E64690300ACB56D /* GradientView.swift in Sources */ = {isa = PBXBuildFile; fileRef = 98ECF3BC1E64690300ACB56D /* GradientView.swift */; };
		98ECF3C11E65CEC700ACB56D /* ColorUtils.swift in Sources */ = {isa = PBXBuildFile; fileRef = 98ECF3C01E65CEC700ACB56D /* ColorUtils.swift */; };
		A98F2BFA0C3275CEBD278D30 /* Pods_ChallengeYourselfTests.framework in Frameworks */ = {isa = PBXBuildFile; fileRef = 3F9B411211B2B6C67BE9F126 /* Pods_ChallengeYourselfTests.framework */; };
/* End PBXBuildFile section */

/* Begin PBXContainerItemProxy section */
		986DF2201E486BD900DE6335 /* PBXContainerItemProxy */ = {
			isa = PBXContainerItemProxy;
			containerPortal = 986DF2031E486BD800DE6335 /* Project object */;
			proxyType = 1;
			remoteGlobalIDString = 986DF20A1E486BD800DE6335;
			remoteInfo = ChallengeYourself;
		};
		986DF22B1E486BD900DE6335 /* PBXContainerItemProxy */ = {
			isa = PBXContainerItemProxy;
			containerPortal = 986DF2031E486BD800DE6335 /* Project object */;
			proxyType = 1;
			remoteGlobalIDString = 986DF20A1E486BD800DE6335;
			remoteInfo = ChallengeYourself;
		};
/* End PBXContainerItemProxy section */

/* Begin PBXFileReference section */
		2A4BCAF3C1467BEDFE68ADEE /* Pods-ChallengeYourselfTests.debug.xcconfig */ = {isa = PBXFileReference; includeInIndex = 1; lastKnownFileType = text.xcconfig; name = "Pods-ChallengeYourselfTests.debug.xcconfig"; path = "Pods/Target Support Files/Pods-ChallengeYourselfTests/Pods-ChallengeYourselfTests.debug.xcconfig"; sourceTree = "<group>"; };
		3F9B411211B2B6C67BE9F126 /* Pods_ChallengeYourselfTests.framework */ = {isa = PBXFileReference; explicitFileType = wrapper.framework; includeInIndex = 0; path = Pods_ChallengeYourselfTests.framework; sourceTree = BUILT_PRODUCTS_DIR; };
		467FEE79A43709BB68E5F425 /* Pods_ChallengeYourselfUITests.framework */ = {isa = PBXFileReference; explicitFileType = wrapper.framework; includeInIndex = 0; path = Pods_ChallengeYourselfUITests.framework; sourceTree = BUILT_PRODUCTS_DIR; };
		48A0E63A16464E08A65BEE23 /* Pods-ChallengeYourselfUITests.debug.xcconfig */ = {isa = PBXFileReference; includeInIndex = 1; lastKnownFileType = text.xcconfig; name = "Pods-ChallengeYourselfUITests.debug.xcconfig"; path = "Pods/Target Support Files/Pods-ChallengeYourselfUITests/Pods-ChallengeYourselfUITests.debug.xcconfig"; sourceTree = "<group>"; };
		81F9673DBBE53CED6BA05573 /* Pods-ChallengeYourselfTests.release.xcconfig */ = {isa = PBXFileReference; includeInIndex = 1; lastKnownFileType = text.xcconfig; name = "Pods-ChallengeYourselfTests.release.xcconfig"; path = "Pods/Target Support Files/Pods-ChallengeYourselfTests/Pods-ChallengeYourselfTests.release.xcconfig"; sourceTree = "<group>"; };
		98219AC81E54535F0060EEB3 /* Alamofire.xcworkspace */ = {isa = PBXFileReference; lastKnownFileType = wrapper.workspace; name = Alamofire.xcworkspace; path = Alamofire/Alamofire.xcworkspace; sourceTree = "<group>"; };
		9826069B1E7697E5000C29E7 /* UserDetails.swift */ = {isa = PBXFileReference; fileEncoding = 4; lastKnownFileType = sourcecode.swift; path = UserDetails.swift; sourceTree = "<group>"; };
		9826069D1E7A9236000C29E7 /* Question.swift */ = {isa = PBXFileReference; fileEncoding = 4; lastKnownFileType = sourcecode.swift; path = Question.swift; sourceTree = "<group>"; };
		9826069F1E7A9540000C29E7 /* Answer.swift */ = {isa = PBXFileReference; fileEncoding = 4; lastKnownFileType = sourcecode.swift; path = Answer.swift; sourceTree = "<group>"; };
		982606A11E7ADD2E000C29E7 /* AnswerCell.swift */ = {isa = PBXFileReference; fileEncoding = 4; lastKnownFileType = sourcecode.swift; path = AnswerCell.swift; sourceTree = "<group>"; };
		9829FE041E5B135700632E08 /* Discipline.swift */ = {isa = PBXFileReference; fileEncoding = 4; lastKnownFileType = sourcecode.swift; path = Discipline.swift; sourceTree = "<group>"; };
		9829FE061E5B365A00632E08 /* DataManager.swift */ = {isa = PBXFileReference; fileEncoding = 4; lastKnownFileType = sourcecode.swift; path = DataManager.swift; sourceTree = "<group>"; };
		9829FE091E5B3BF000632E08 /* CacheManager.swift */ = {isa = PBXFileReference; fileEncoding = 4; lastKnownFileType = sourcecode.swift; path = CacheManager.swift; sourceTree = "<group>"; };
		9829FE0D1E5C288D00632E08 /* ParseUtils.swift */ = {isa = PBXFileReference; fileEncoding = 4; lastKnownFileType = sourcecode.swift; path = ParseUtils.swift; sourceTree = "<group>"; };
		98555A0D1E696F7E002D430A /* LeaderboardUser.swift */ = {isa = PBXFileReference; fileEncoding = 4; lastKnownFileType = sourcecode.swift; path = LeaderboardUser.swift; sourceTree = "<group>"; };
		98555A0F1E6975B2002D430A /* LeaderboardCell.swift */ = {isa = PBXFileReference; fileEncoding = 4; lastKnownFileType = sourcecode.swift; path = LeaderboardCell.swift; sourceTree = "<group>"; };
		985C3B071E4B5C85003179A4 /* CompetitionController.swift */ = {isa = PBXFileReference; fileEncoding = 4; lastKnownFileType = sourcecode.swift; path = CompetitionController.swift; sourceTree = "<group>"; };
		985C3B0B1E4B6037003179A4 /* CompetitionCell.swift */ = {isa = PBXFileReference; fileEncoding = 4; lastKnownFileType = sourcecode.swift; path = CompetitionCell.swift; sourceTree = "<group>"; };
		985C3B121E5300CD003179A4 /* NetworkAssistant.swift */ = {isa = PBXFileReference; fileEncoding = 4; lastKnownFileType = sourcecode.swift; path = NetworkAssistant.swift; sourceTree = "<group>"; };
		986DF20B1E486BD900DE6335 /* ChallengeYourself.app */ = {isa = PBXFileReference; explicitFileType = wrapper.application; includeInIndex = 0; path = ChallengeYourself.app; sourceTree = BUILT_PRODUCTS_DIR; };
		986DF20E1E486BD900DE6335 /* AppDelegate.swift */ = {isa = PBXFileReference; lastKnownFileType = sourcecode.swift; path = AppDelegate.swift; sourceTree = "<group>"; };
		986DF2101E486BD900DE6335 /* LoginController.swift */ = {isa = PBXFileReference; lastKnownFileType = sourcecode.swift; path = LoginController.swift; sourceTree = "<group>"; };
		986DF2131E486BD900DE6335 /* Base */ = {isa = PBXFileReference; lastKnownFileType = file.storyboard; name = Base; path = Base.lproj/Main.storyboard; sourceTree = "<group>"; };
		986DF2151E486BD900DE6335 /* Assets.xcassets */ = {isa = PBXFileReference; lastKnownFileType = folder.assetcatalog; path = Assets.xcassets; sourceTree = "<group>"; };
		986DF2181E486BD900DE6335 /* Base */ = {isa = PBXFileReference; lastKnownFileType = file.storyboard; name = Base; path = Base.lproj/LaunchScreen.storyboard; sourceTree = "<group>"; };
		986DF21A1E486BD900DE6335 /* Info.plist */ = {isa = PBXFileReference; lastKnownFileType = text.plist.xml; path = Info.plist; sourceTree = "<group>"; };
		986DF21F1E486BD900DE6335 /* ChallengeYourselfTests.xctest */ = {isa = PBXFileReference; explicitFileType = wrapper.cfbundle; includeInIndex = 0; path = ChallengeYourselfTests.xctest; sourceTree = BUILT_PRODUCTS_DIR; };
		986DF2231E486BD900DE6335 /* ChallengeYourselfTests.swift */ = {isa = PBXFileReference; lastKnownFileType = sourcecode.swift; path = ChallengeYourselfTests.swift; sourceTree = "<group>"; };
		986DF2251E486BD900DE6335 /* Info.plist */ = {isa = PBXFileReference; lastKnownFileType = text.plist.xml; path = Info.plist; sourceTree = "<group>"; };
		986DF22A1E486BD900DE6335 /* ChallengeYourselfUITests.xctest */ = {isa = PBXFileReference; explicitFileType = wrapper.cfbundle; includeInIndex = 0; path = ChallengeYourselfUITests.xctest; sourceTree = BUILT_PRODUCTS_DIR; };
		986DF22E1E486BD900DE6335 /* ChallengeYourselfUITests.swift */ = {isa = PBXFileReference; lastKnownFileType = sourcecode.swift; path = ChallengeYourselfUITests.swift; sourceTree = "<group>"; };
		986DF2301E486BD900DE6335 /* Info.plist */ = {isa = PBXFileReference; lastKnownFileType = text.plist.xml; path = Info.plist; sourceTree = "<group>"; };
		986DF23C1E48D15100DE6335 /* HomeController.swift */ = {isa = PBXFileReference; fileEncoding = 4; lastKnownFileType = sourcecode.swift; path = HomeController.swift; sourceTree = "<group>"; };
		98E03AB21E71A99500AF4495 /* AnswerQuestionController.swift */ = {isa = PBXFileReference; fileEncoding = 4; lastKnownFileType = sourcecode.swift; path = AnswerQuestionController.swift; sourceTree = "<group>"; };
		98ECF3B91E642D3600ACB56D /* LeaderboardViewController.swift */ = {isa = PBXFileReference; fileEncoding = 4; lastKnownFileType = sourcecode.swift; path = LeaderboardViewController.swift; sourceTree = "<group>"; };
		98ECF3BC1E64690300ACB56D /* GradientView.swift */ = {isa = PBXFileReference; fileEncoding = 4; lastKnownFileType = sourcecode.swift; path = GradientView.swift; sourceTree = "<group>"; };
		98ECF3C01E65CEC700ACB56D /* ColorUtils.swift */ = {isa = PBXFileReference; fileEncoding = 4; lastKnownFileType = sourcecode.swift; path = ColorUtils.swift; sourceTree = "<group>"; };
		A2FB1FEEA431D6A57E04819B /* Pods-ChallengeYourself.release.xcconfig */ = {isa = PBXFileReference; includeInIndex = 1; lastKnownFileType = text.xcconfig; name = "Pods-ChallengeYourself.release.xcconfig"; path = "Pods/Target Support Files/Pods-ChallengeYourself/Pods-ChallengeYourself.release.xcconfig"; sourceTree = "<group>"; };
		CFD92646602F80F2725BA2DF /* Pods_ChallengeYourself.framework */ = {isa = PBXFileReference; explicitFileType = wrapper.framework; includeInIndex = 0; path = Pods_ChallengeYourself.framework; sourceTree = BUILT_PRODUCTS_DIR; };
		FB4DDD965CE41BAD5513C5F5 /* Pods-ChallengeYourself.debug.xcconfig */ = {isa = PBXFileReference; includeInIndex = 1; lastKnownFileType = text.xcconfig; name = "Pods-ChallengeYourself.debug.xcconfig"; path = "Pods/Target Support Files/Pods-ChallengeYourself/Pods-ChallengeYourself.debug.xcconfig"; sourceTree = "<group>"; };
		FEDE4BF9AA5C270A096FAE87 /* Pods-ChallengeYourselfUITests.release.xcconfig */ = {isa = PBXFileReference; includeInIndex = 1; lastKnownFileType = text.xcconfig; name = "Pods-ChallengeYourselfUITests.release.xcconfig"; path = "Pods/Target Support Files/Pods-ChallengeYourselfUITests/Pods-ChallengeYourselfUITests.release.xcconfig"; sourceTree = "<group>"; };
/* End PBXFileReference section */

/* Begin PBXFrameworksBuildPhase section */
		986DF2081E486BD800DE6335 /* Frameworks */ = {
			isa = PBXFrameworksBuildPhase;
			buildActionMask = 2147483647;
			files = (
				5C0187056D53022B7C8A1549 /* Pods_ChallengeYourself.framework in Frameworks */,
			);
			runOnlyForDeploymentPostprocessing = 0;
		};
		986DF21C1E486BD900DE6335 /* Frameworks */ = {
			isa = PBXFrameworksBuildPhase;
			buildActionMask = 2147483647;
			files = (
				A98F2BFA0C3275CEBD278D30 /* Pods_ChallengeYourselfTests.framework in Frameworks */,
			);
			runOnlyForDeploymentPostprocessing = 0;
		};
		986DF2271E486BD900DE6335 /* Frameworks */ = {
			isa = PBXFrameworksBuildPhase;
			buildActionMask = 2147483647;
			files = (
				36984A5984AFA4F59219FF41 /* Pods_ChallengeYourselfUITests.framework in Frameworks */,
			);
			runOnlyForDeploymentPostprocessing = 0;
		};
/* End PBXFrameworksBuildPhase section */

/* Begin PBXGroup section */
		9829FE081E5B3BCF00632E08 /* DataManagers */ = {
			isa = PBXGroup;
			children = (
				9829FE061E5B365A00632E08 /* DataManager.swift */,
				9829FE091E5B3BF000632E08 /* CacheManager.swift */,
			);
			name = DataManagers;
			sourceTree = "<group>";
		};
		9829FE0B1E5C278300632E08 /* Network */ = {
			isa = PBXGroup;
			children = (
				985C3B121E5300CD003179A4 /* NetworkAssistant.swift */,
			);
			name = Network;
			sourceTree = "<group>";
		};
		9829FE0C1E5C279100632E08 /* Utils */ = {
			isa = PBXGroup;
			children = (
				9829FE0D1E5C288D00632E08 /* ParseUtils.swift */,
				98ECF3C01E65CEC700ACB56D /* ColorUtils.swift */,
			);
			name = Utils;
			sourceTree = "<group>";
		};
		985C3B0D1E4C5F02003179A4 /* Login */ = {
			isa = PBXGroup;
			children = (
				986DF2101E486BD900DE6335 /* LoginController.swift */,
			);
			name = Login;
			sourceTree = "<group>";
		};
		985C3B0E1E4C5F2D003179A4 /* Home */ = {
			isa = PBXGroup;
			children = (
				986DF23C1E48D15100DE6335 /* HomeController.swift */,
				9826069B1E7697E5000C29E7 /* UserDetails.swift */,
			);
			name = Home;
			sourceTree = "<group>";
		};
		985C3B0F1E4C5F44003179A4 /* Competition */ = {
			isa = PBXGroup;
			children = (
				985C3B071E4B5C85003179A4 /* CompetitionController.swift */,
				985C3B0B1E4B6037003179A4 /* CompetitionCell.swift */,
				9829FE041E5B135700632E08 /* Discipline.swift */,
			);
			name = Competition;
			sourceTree = "<group>";
		};
		986DF2021E486BD800DE6335 = {
			isa = PBXGroup;
			children = (
				986DF20D1E486BD900DE6335 /* ChallengeYourself */,
				986DF2221E486BD900DE6335 /* ChallengeYourselfTests */,
				986DF22D1E486BD900DE6335 /* ChallengeYourselfUITests */,
				986DF20C1E486BD900DE6335 /* Products */,
				C3DA9A45EA084511AAE5D9B9 /* Pods */,
				DD89EDD45DB1E2B4C39A976C /* Frameworks */,
			);
			sourceTree = "<group>";
		};
		986DF20C1E486BD900DE6335 /* Products */ = {
			isa = PBXGroup;
			children = (
				986DF20B1E486BD900DE6335 /* ChallengeYourself.app */,
				986DF21F1E486BD900DE6335 /* ChallengeYourselfTests.xctest */,
				986DF22A1E486BD900DE6335 /* ChallengeYourselfUITests.xctest */,
			);
			name = Products;
			sourceTree = "<group>";
		};
		986DF20D1E486BD900DE6335 /* ChallengeYourself */ = {
			isa = PBXGroup;
			children = (
				985C3B0D1E4C5F02003179A4 /* Login */,
				985C3B0E1E4C5F2D003179A4 /* Home */,
				98ECF3B81E642D0300ACB56D /* Leaderboard */,
				985C3B0F1E4C5F44003179A4 /* Competition */,
				98E03AB11E71A8A600AF4495 /* AnswerQuestion */,
				9829FE0B1E5C278300632E08 /* Network */,
				9829FE081E5B3BCF00632E08 /* DataManagers */,
				9829FE0C1E5C279100632E08 /* Utils */,
				98ECF3BB1E6468D600ACB56D /* CustomView */,
				986DF20E1E486BD900DE6335 /* AppDelegate.swift */,
				986DF2121E486BD900DE6335 /* Main.storyboard */,
				986DF2151E486BD900DE6335 /* Assets.xcassets */,
				986DF2171E486BD900DE6335 /* LaunchScreen.storyboard */,
				986DF21A1E486BD900DE6335 /* Info.plist */,
			);
			path = ChallengeYourself;
			sourceTree = "<group>";
		};
		986DF2221E486BD900DE6335 /* ChallengeYourselfTests */ = {
			isa = PBXGroup;
			children = (
				986DF2231E486BD900DE6335 /* ChallengeYourselfTests.swift */,
				986DF2251E486BD900DE6335 /* Info.plist */,
			);
			path = ChallengeYourselfTests;
			sourceTree = "<group>";
		};
		986DF22D1E486BD900DE6335 /* ChallengeYourselfUITests */ = {
			isa = PBXGroup;
			children = (
				986DF22E1E486BD900DE6335 /* ChallengeYourselfUITests.swift */,
				986DF2301E486BD900DE6335 /* Info.plist */,
			);
			path = ChallengeYourselfUITests;
			sourceTree = "<group>";
		};
		98E03AB11E71A8A600AF4495 /* AnswerQuestion */ = {
			isa = PBXGroup;
			children = (
				98E03AB21E71A99500AF4495 /* AnswerQuestionController.swift */,
				9826069D1E7A9236000C29E7 /* Question.swift */,
				9826069F1E7A9540000C29E7 /* Answer.swift */,
				982606A11E7ADD2E000C29E7 /* AnswerCell.swift */,
			);
			name = AnswerQuestion;
			sourceTree = "<group>";
		};
		98ECF3B81E642D0300ACB56D /* Leaderboard */ = {
			isa = PBXGroup;
			children = (
				98ECF3B91E642D3600ACB56D /* LeaderboardViewController.swift */,
				98555A0D1E696F7E002D430A /* LeaderboardUser.swift */,
				98555A0F1E6975B2002D430A /* LeaderboardCell.swift */,
			);
			name = Leaderboard;
			sourceTree = "<group>";
		};
		98ECF3BB1E6468D600ACB56D /* CustomView */ = {
			isa = PBXGroup;
			children = (
				98ECF3BC1E64690300ACB56D /* GradientView.swift */,
			);
			name = CustomView;
			sourceTree = "<group>";
		};
		C3DA9A45EA084511AAE5D9B9 /* Pods */ = {
			isa = PBXGroup;
			children = (
				FB4DDD965CE41BAD5513C5F5 /* Pods-ChallengeYourself.debug.xcconfig */,
				A2FB1FEEA431D6A57E04819B /* Pods-ChallengeYourself.release.xcconfig */,
				2A4BCAF3C1467BEDFE68ADEE /* Pods-ChallengeYourselfTests.debug.xcconfig */,
				81F9673DBBE53CED6BA05573 /* Pods-ChallengeYourselfTests.release.xcconfig */,
				48A0E63A16464E08A65BEE23 /* Pods-ChallengeYourselfUITests.debug.xcconfig */,
				FEDE4BF9AA5C270A096FAE87 /* Pods-ChallengeYourselfUITests.release.xcconfig */,
			);
			name = Pods;
			sourceTree = "<group>";
		};
		DD89EDD45DB1E2B4C39A976C /* Frameworks */ = {
			isa = PBXGroup;
			children = (
				98219AC81E54535F0060EEB3 /* Alamofire.xcworkspace */,
				CFD92646602F80F2725BA2DF /* Pods_ChallengeYourself.framework */,
				3F9B411211B2B6C67BE9F126 /* Pods_ChallengeYourselfTests.framework */,
				467FEE79A43709BB68E5F425 /* Pods_ChallengeYourselfUITests.framework */,
			);
			name = Frameworks;
			sourceTree = "<group>";
		};
/* End PBXGroup section */

/* Begin PBXNativeTarget section */
		986DF20A1E486BD800DE6335 /* ChallengeYourself */ = {
			isa = PBXNativeTarget;
			buildConfigurationList = 986DF2331E486BD900DE6335 /* Build configuration list for PBXNativeTarget "ChallengeYourself" */;
			buildPhases = (
				CA15D10EC6A97F0E0A44056A /* [CP] Check Pods Manifest.lock */,
				986DF2071E486BD800DE6335 /* Sources */,
				986DF2081E486BD800DE6335 /* Frameworks */,
				986DF2091E486BD800DE6335 /* Resources */,
				DA2FC40A262711215E7E1E54 /* [CP] Embed Pods Frameworks */,
				465F99F7BF849D21341A6F24 /* [CP] Copy Pods Resources */,
				98E5EC101E671F04003B05A8 /* ShellScript */,
			);
			buildRules = (
			);
			dependencies = (
			);
			name = ChallengeYourself;
			productName = ChallengeYourself;
			productReference = 986DF20B1E486BD900DE6335 /* ChallengeYourself.app */;
			productType = "com.apple.product-type.application";
		};
		986DF21E1E486BD900DE6335 /* ChallengeYourselfTests */ = {
			isa = PBXNativeTarget;
			buildConfigurationList = 986DF2361E486BD900DE6335 /* Build configuration list for PBXNativeTarget "ChallengeYourselfTests" */;
			buildPhases = (
				6265CF492005614F95C6E581 /* [CP] Check Pods Manifest.lock */,
				986DF21B1E486BD900DE6335 /* Sources */,
				986DF21C1E486BD900DE6335 /* Frameworks */,
				986DF21D1E486BD900DE6335 /* Resources */,
				639EC1F2A37562A86EA10CF8 /* [CP] Embed Pods Frameworks */,
				05F189279DD3791C8D9ACE1C /* [CP] Copy Pods Resources */,
			);
			buildRules = (
			);
			dependencies = (
				986DF2211E486BD900DE6335 /* PBXTargetDependency */,
			);
			name = ChallengeYourselfTests;
			productName = ChallengeYourselfTests;
			productReference = 986DF21F1E486BD900DE6335 /* ChallengeYourselfTests.xctest */;
			productType = "com.apple.product-type.bundle.unit-test";
		};
		986DF2291E486BD900DE6335 /* ChallengeYourselfUITests */ = {
			isa = PBXNativeTarget;
			buildConfigurationList = 986DF2391E486BD900DE6335 /* Build configuration list for PBXNativeTarget "ChallengeYourselfUITests" */;
			buildPhases = (
				081C3509335FC2A68A4FE5F3 /* [CP] Check Pods Manifest.lock */,
				986DF2261E486BD900DE6335 /* Sources */,
				986DF2271E486BD900DE6335 /* Frameworks */,
				986DF2281E486BD900DE6335 /* Resources */,
				D9E7496E1B5042AFD57ED1C3 /* [CP] Embed Pods Frameworks */,
				11C733A6FE980CEDB3853184 /* [CP] Copy Pods Resources */,
			);
			buildRules = (
			);
			dependencies = (
				986DF22C1E486BD900DE6335 /* PBXTargetDependency */,
			);
			name = ChallengeYourselfUITests;
			productName = ChallengeYourselfUITests;
			productReference = 986DF22A1E486BD900DE6335 /* ChallengeYourselfUITests.xctest */;
			productType = "com.apple.product-type.bundle.ui-testing";
		};
/* End PBXNativeTarget section */

/* Begin PBXProject section */
		986DF2031E486BD800DE6335 /* Project object */ = {
			isa = PBXProject;
			attributes = {
				LastSwiftUpdateCheck = 0820;
				LastUpgradeCheck = 0820;
				ORGANIZATIONNAME = Endava;
				TargetAttributes = {
					986DF20A1E486BD800DE6335 = {
						CreatedOnToolsVersion = 8.2.1;
						DevelopmentTeam = 2354U295GD;
						ProvisioningStyle = Automatic;
					};
					986DF21E1E486BD900DE6335 = {
						CreatedOnToolsVersion = 8.2.1;
						ProvisioningStyle = Automatic;
						TestTargetID = 986DF20A1E486BD800DE6335;
					};
					986DF2291E486BD900DE6335 = {
						CreatedOnToolsVersion = 8.2.1;
						ProvisioningStyle = Automatic;
						TestTargetID = 986DF20A1E486BD800DE6335;
					};
				};
			};
			buildConfigurationList = 986DF2061E486BD800DE6335 /* Build configuration list for PBXProject "ChallengeYourself" */;
			compatibilityVersion = "Xcode 3.2";
			developmentRegion = English;
			hasScannedForEncodings = 0;
			knownRegions = (
				en,
				Base,
			);
			mainGroup = 986DF2021E486BD800DE6335;
			productRefGroup = 986DF20C1E486BD900DE6335 /* Products */;
			projectDirPath = "";
			projectRoot = "";
			targets = (
				986DF20A1E486BD800DE6335 /* ChallengeYourself */,
				986DF21E1E486BD900DE6335 /* ChallengeYourselfTests */,
				986DF2291E486BD900DE6335 /* ChallengeYourselfUITests */,
			);
		};
/* End PBXProject section */

/* Begin PBXResourcesBuildPhase section */
		986DF2091E486BD800DE6335 /* Resources */ = {
			isa = PBXResourcesBuildPhase;
			buildActionMask = 2147483647;
			files = (
				986DF2191E486BD900DE6335 /* LaunchScreen.storyboard in Resources */,
				986DF2161E486BD900DE6335 /* Assets.xcassets in Resources */,
				986DF2141E486BD900DE6335 /* Main.storyboard in Resources */,
			);
			runOnlyForDeploymentPostprocessing = 0;
		};
		986DF21D1E486BD900DE6335 /* Resources */ = {
			isa = PBXResourcesBuildPhase;
			buildActionMask = 2147483647;
			files = (
			);
			runOnlyForDeploymentPostprocessing = 0;
		};
		986DF2281E486BD900DE6335 /* Resources */ = {
			isa = PBXResourcesBuildPhase;
			buildActionMask = 2147483647;
			files = (
			);
			runOnlyForDeploymentPostprocessing = 0;
		};
/* End PBXResourcesBuildPhase section */

/* Begin PBXShellScriptBuildPhase section */
		05F189279DD3791C8D9ACE1C /* [CP] Copy Pods Resources */ = {
			isa = PBXShellScriptBuildPhase;
			buildActionMask = 2147483647;
			files = (
			);
			inputPaths = (
			);
			name = "[CP] Copy Pods Resources";
			outputPaths = (
			);
			runOnlyForDeploymentPostprocessing = 0;
			shellPath = /bin/sh;
			shellScript = "\"${SRCROOT}/Pods/Target Support Files/Pods-ChallengeYourselfTests/Pods-ChallengeYourselfTests-resources.sh\"\n";
			showEnvVarsInLog = 0;
		};
		081C3509335FC2A68A4FE5F3 /* [CP] Check Pods Manifest.lock */ = {
			isa = PBXShellScriptBuildPhase;
			buildActionMask = 2147483647;
			files = (
			);
			inputPaths = (
			);
			name = "[CP] Check Pods Manifest.lock";
			outputPaths = (
			);
			runOnlyForDeploymentPostprocessing = 0;
			shellPath = /bin/sh;
			shellScript = "diff \"${PODS_ROOT}/../Podfile.lock\" \"${PODS_ROOT}/Manifest.lock\" > /dev/null\nif [ $? != 0 ] ; then\n    # print error to STDERR\n    echo \"error: The sandbox is not in sync with the Podfile.lock. Run 'pod install' or update your CocoaPods installation.\" >&2\n    exit 1\nfi\n";
			showEnvVarsInLog = 0;
		};
		11C733A6FE980CEDB3853184 /* [CP] Copy Pods Resources */ = {
			isa = PBXShellScriptBuildPhase;
			buildActionMask = 2147483647;
			files = (
			);
			inputPaths = (
			);
			name = "[CP] Copy Pods Resources";
			outputPaths = (
			);
			runOnlyForDeploymentPostprocessing = 0;
			shellPath = /bin/sh;
			shellScript = "\"${SRCROOT}/Pods/Target Support Files/Pods-ChallengeYourselfUITests/Pods-ChallengeYourselfUITests-resources.sh\"\n";
			showEnvVarsInLog = 0;
		};
		465F99F7BF849D21341A6F24 /* [CP] Copy Pods Resources */ = {
			isa = PBXShellScriptBuildPhase;
			buildActionMask = 2147483647;
			files = (
			);
			inputPaths = (
			);
			name = "[CP] Copy Pods Resources";
			outputPaths = (
			);
			runOnlyForDeploymentPostprocessing = 0;
			shellPath = /bin/sh;
			shellScript = "\"${SRCROOT}/Pods/Target Support Files/Pods-ChallengeYourself/Pods-ChallengeYourself-resources.sh\"\n";
			showEnvVarsInLog = 0;
		};
		6265CF492005614F95C6E581 /* [CP] Check Pods Manifest.lock */ = {
			isa = PBXShellScriptBuildPhase;
			buildActionMask = 2147483647;
			files = (
			);
			inputPaths = (
			);
			name = "[CP] Check Pods Manifest.lock";
			outputPaths = (
			);
			runOnlyForDeploymentPostprocessing = 0;
			shellPath = /bin/sh;
			shellScript = "diff \"${PODS_ROOT}/../Podfile.lock\" \"${PODS_ROOT}/Manifest.lock\" > /dev/null\nif [ $? != 0 ] ; then\n    # print error to STDERR\n    echo \"error: The sandbox is not in sync with the Podfile.lock. Run 'pod install' or update your CocoaPods installation.\" >&2\n    exit 1\nfi\n";
			showEnvVarsInLog = 0;
		};
		639EC1F2A37562A86EA10CF8 /* [CP] Embed Pods Frameworks */ = {
			isa = PBXShellScriptBuildPhase;
			buildActionMask = 2147483647;
			files = (
			);
			inputPaths = (
			);
			name = "[CP] Embed Pods Frameworks";
			outputPaths = (
			);
			runOnlyForDeploymentPostprocessing = 0;
			shellPath = /bin/sh;
			shellScript = "\"${SRCROOT}/Pods/Target Support Files/Pods-ChallengeYourselfTests/Pods-ChallengeYourselfTests-frameworks.sh\"\n";
			showEnvVarsInLog = 0;
		};
		98E5EC101E671F04003B05A8 /* ShellScript */ = {
			isa = PBXShellScriptBuildPhase;
			buildActionMask = 2147483647;
			files = (
			);
			inputPaths = (
			);
			outputPaths = (
			);
			runOnlyForDeploymentPostprocessing = 0;
			shellPath = /bin/sh;
			shellScript = "\"${PODS_ROOT}/Fabric/run\" b45201b1bd945b15c106c30a7280e71768db5acb 71e248342eabafe545b229c646568d3553c3ff813d5f12d422caf5e7b156b072";
		};
		CA15D10EC6A97F0E0A44056A /* [CP] Check Pods Manifest.lock */ = {
			isa = PBXShellScriptBuildPhase;
			buildActionMask = 2147483647;
			files = (
			);
			inputPaths = (
			);
			name = "[CP] Check Pods Manifest.lock";
			outputPaths = (
			);
			runOnlyForDeploymentPostprocessing = 0;
			shellPath = /bin/sh;
			shellScript = "diff \"${PODS_ROOT}/../Podfile.lock\" \"${PODS_ROOT}/Manifest.lock\" > /dev/null\nif [ $? != 0 ] ; then\n    # print error to STDERR\n    echo \"error: The sandbox is not in sync with the Podfile.lock. Run 'pod install' or update your CocoaPods installation.\" >&2\n    exit 1\nfi\n";
			showEnvVarsInLog = 0;
		};
		D9E7496E1B5042AFD57ED1C3 /* [CP] Embed Pods Frameworks */ = {
			isa = PBXShellScriptBuildPhase;
			buildActionMask = 2147483647;
			files = (
			);
			inputPaths = (
			);
			name = "[CP] Embed Pods Frameworks";
			outputPaths = (
			);
			runOnlyForDeploymentPostprocessing = 0;
			shellPath = /bin/sh;
			shellScript = "\"${SRCROOT}/Pods/Target Support Files/Pods-ChallengeYourselfUITests/Pods-ChallengeYourselfUITests-frameworks.sh\"\n";
			showEnvVarsInLog = 0;
		};
		DA2FC40A262711215E7E1E54 /* [CP] Embed Pods Frameworks */ = {
			isa = PBXShellScriptBuildPhase;
			buildActionMask = 2147483647;
			files = (
			);
			inputPaths = (
			);
			name = "[CP] Embed Pods Frameworks";
			outputPaths = (
			);
			runOnlyForDeploymentPostprocessing = 0;
			shellPath = /bin/sh;
			shellScript = "\"${SRCROOT}/Pods/Target Support Files/Pods-ChallengeYourself/Pods-ChallengeYourself-frameworks.sh\"\n";
			showEnvVarsInLog = 0;
		};
/* End PBXShellScriptBuildPhase section */

/* Begin PBXSourcesBuildPhase section */
		986DF2071E486BD800DE6335 /* Sources */ = {
			isa = PBXSourcesBuildPhase;
			buildActionMask = 2147483647;
			files = (
				98555A0E1E696F7E002D430A /* LeaderboardUser.swift in Sources */,
				98555A101E6975B2002D430A /* LeaderboardCell.swift in Sources */,
				98ECF3C11E65CEC700ACB56D /* ColorUtils.swift in Sources */,
				9826069E1E7A9236000C29E7 /* Question.swift in Sources */,
				986DF2111E486BD900DE6335 /* LoginController.swift in Sources */,
				9829FE0A1E5B3BF000632E08 /* CacheManager.swift in Sources */,
				98E03AB31E71A99500AF4495 /* AnswerQuestionController.swift in Sources */,
				98ECF3BD1E64690300ACB56D /* GradientView.swift in Sources */,
				9829FE071E5B365A00632E08 /* DataManager.swift in Sources */,
				986DF23D1E48D15100DE6335 /* HomeController.swift in Sources */,
				986DF20F1E486BD900DE6335 /* AppDelegate.swift in Sources */,
				9829FE051E5B135700632E08 /* Discipline.swift in Sources */,
				985C3B081E4B5C85003179A4 /* CompetitionController.swift in Sources */,
				985C3B0C1E4B6037003179A4 /* CompetitionCell.swift in Sources */,
				982606A01E7A9540000C29E7 /* Answer.swift in Sources */,
				98ECF3BA1E642D3600ACB56D /* LeaderboardViewController.swift in Sources */,
				985C3B131E5300CD003179A4 /* NetworkAssistant.swift in Sources */,
				9826069C1E7697E5000C29E7 /* UserDetails.swift in Sources */,
				9829FE0E1E5C288D00632E08 /* ParseUtils.swift in Sources */,
				982606A21E7ADD2E000C29E7 /* AnswerCell.swift in Sources */,
			);
			runOnlyForDeploymentPostprocessing = 0;
		};
		986DF21B1E486BD900DE6335 /* Sources */ = {
			isa = PBXSourcesBuildPhase;
			buildActionMask = 2147483647;
			files = (
				986DF2241E486BD900DE6335 /* ChallengeYourselfTests.swift in Sources */,
			);
			runOnlyForDeploymentPostprocessing = 0;
		};
		986DF2261E486BD900DE6335 /* Sources */ = {
			isa = PBXSourcesBuildPhase;
			buildActionMask = 2147483647;
			files = (
				986DF22F1E486BD900DE6335 /* ChallengeYourselfUITests.swift in Sources */,
			);
			runOnlyForDeploymentPostprocessing = 0;
		};
/* End PBXSourcesBuildPhase section */

/* Begin PBXTargetDependency section */
		986DF2211E486BD900DE6335 /* PBXTargetDependency */ = {
			isa = PBXTargetDependency;
			target = 986DF20A1E486BD800DE6335 /* ChallengeYourself */;
			targetProxy = 986DF2201E486BD900DE6335 /* PBXContainerItemProxy */;
		};
		986DF22C1E486BD900DE6335 /* PBXTargetDependency */ = {
			isa = PBXTargetDependency;
			target = 986DF20A1E486BD800DE6335 /* ChallengeYourself */;
			targetProxy = 986DF22B1E486BD900DE6335 /* PBXContainerItemProxy */;
		};
/* End PBXTargetDependency section */

/* Begin PBXVariantGroup section */
		986DF2121E486BD900DE6335 /* Main.storyboard */ = {
			isa = PBXVariantGroup;
			children = (
				986DF2131E486BD900DE6335 /* Base */,
			);
			name = Main.storyboard;
			sourceTree = "<group>";
		};
		986DF2171E486BD900DE6335 /* LaunchScreen.storyboard */ = {
			isa = PBXVariantGroup;
			children = (
				986DF2181E486BD900DE6335 /* Base */,
			);
			name = LaunchScreen.storyboard;
			sourceTree = "<group>";
		};
/* End PBXVariantGroup section */

/* Begin XCBuildConfiguration section */
		986DF2311E486BD900DE6335 /* Debug */ = {
			isa = XCBuildConfiguration;
			buildSettings = {
				ALWAYS_SEARCH_USER_PATHS = NO;
				CLANG_ANALYZER_NONNULL = YES;
				CLANG_CXX_LANGUAGE_STANDARD = "gnu++0x";
				CLANG_CXX_LIBRARY = "libc++";
				CLANG_ENABLE_MODULES = YES;
				CLANG_ENABLE_OBJC_ARC = YES;
				CLANG_WARN_BOOL_CONVERSION = YES;
				CLANG_WARN_CONSTANT_CONVERSION = YES;
				CLANG_WARN_DIRECT_OBJC_ISA_USAGE = YES_ERROR;
				CLANG_WARN_DOCUMENTATION_COMMENTS = YES;
				CLANG_WARN_EMPTY_BODY = YES;
				CLANG_WARN_ENUM_CONVERSION = YES;
				CLANG_WARN_INFINITE_RECURSION = YES;
				CLANG_WARN_INT_CONVERSION = YES;
				CLANG_WARN_OBJC_ROOT_CLASS = YES_ERROR;
				CLANG_WARN_SUSPICIOUS_MOVE = YES;
				CLANG_WARN_UNREACHABLE_CODE = YES;
				CLANG_WARN__DUPLICATE_METHOD_MATCH = YES;
				"CODE_SIGN_IDENTITY[sdk=iphoneos*]" = "iPhone Developer";
				COPY_PHASE_STRIP = NO;
				DEBUG_INFORMATION_FORMAT = dwarf;
				ENABLE_STRICT_OBJC_MSGSEND = YES;
				ENABLE_TESTABILITY = YES;
				GCC_C_LANGUAGE_STANDARD = gnu99;
				GCC_DYNAMIC_NO_PIC = NO;
				GCC_NO_COMMON_BLOCKS = YES;
				GCC_OPTIMIZATION_LEVEL = 0;
				GCC_PREPROCESSOR_DEFINITIONS = (
					"DEBUG=1",
					"$(inherited)",
				);
				GCC_WARN_64_TO_32_BIT_CONVERSION = YES;
				GCC_WARN_ABOUT_RETURN_TYPE = YES_ERROR;
				GCC_WARN_UNDECLARED_SELECTOR = YES;
				GCC_WARN_UNINITIALIZED_AUTOS = YES_AGGRESSIVE;
				GCC_WARN_UNUSED_FUNCTION = YES;
				GCC_WARN_UNUSED_VARIABLE = YES;
				IPHONEOS_DEPLOYMENT_TARGET = 10.2;
				MTL_ENABLE_DEBUG_INFO = YES;
				ONLY_ACTIVE_ARCH = YES;
				SDKROOT = iphoneos;
				SWIFT_ACTIVE_COMPILATION_CONDITIONS = DEBUG;
				SWIFT_OPTIMIZATION_LEVEL = "-Onone";
				TARGETED_DEVICE_FAMILY = "1,2";
			};
			name = Debug;
		};
		986DF2321E486BD900DE6335 /* Release */ = {
			isa = XCBuildConfiguration;
			buildSettings = {
				ALWAYS_SEARCH_USER_PATHS = NO;
				CLANG_ANALYZER_NONNULL = YES;
				CLANG_CXX_LANGUAGE_STANDARD = "gnu++0x";
				CLANG_CXX_LIBRARY = "libc++";
				CLANG_ENABLE_MODULES = YES;
				CLANG_ENABLE_OBJC_ARC = YES;
				CLANG_WARN_BOOL_CONVERSION = YES;
				CLANG_WARN_CONSTANT_CONVERSION = YES;
				CLANG_WARN_DIRECT_OBJC_ISA_USAGE = YES_ERROR;
				CLANG_WARN_DOCUMENTATION_COMMENTS = YES;
				CLANG_WARN_EMPTY_BODY = YES;
				CLANG_WARN_ENUM_CONVERSION = YES;
				CLANG_WARN_INFINITE_RECURSION = YES;
				CLANG_WARN_INT_CONVERSION = YES;
				CLANG_WARN_OBJC_ROOT_CLASS = YES_ERROR;
				CLANG_WARN_SUSPICIOUS_MOVE = YES;
				CLANG_WARN_UNREACHABLE_CODE = YES;
				CLANG_WARN__DUPLICATE_METHOD_MATCH = YES;
				"CODE_SIGN_IDENTITY[sdk=iphoneos*]" = "iPhone Developer";
				COPY_PHASE_STRIP = NO;
				DEBUG_INFORMATION_FORMAT = "dwarf-with-dsym";
				ENABLE_NS_ASSERTIONS = NO;
				ENABLE_STRICT_OBJC_MSGSEND = YES;
				GCC_C_LANGUAGE_STANDARD = gnu99;
				GCC_NO_COMMON_BLOCKS = YES;
				GCC_WARN_64_TO_32_BIT_CONVERSION = YES;
				GCC_WARN_ABOUT_RETURN_TYPE = YES_ERROR;
				GCC_WARN_UNDECLARED_SELECTOR = YES;
				GCC_WARN_UNINITIALIZED_AUTOS = YES_AGGRESSIVE;
				GCC_WARN_UNUSED_FUNCTION = YES;
				GCC_WARN_UNUSED_VARIABLE = YES;
				IPHONEOS_DEPLOYMENT_TARGET = 10.2;
				MTL_ENABLE_DEBUG_INFO = NO;
				SDKROOT = iphoneos;
				SWIFT_OPTIMIZATION_LEVEL = "-Owholemodule";
				TARGETED_DEVICE_FAMILY = "1,2";
				VALIDATE_PRODUCT = YES;
			};
			name = Release;
		};
		986DF2341E486BD900DE6335 /* Debug */ = {
			isa = XCBuildConfiguration;
			baseConfigurationReference = FB4DDD965CE41BAD5513C5F5 /* Pods-ChallengeYourself.debug.xcconfig */;
			buildSettings = {
				ASSETCATALOG_COMPILER_APPICON_NAME = AppIcon;
				CODE_SIGN_IDENTITY = "iPhone Developer";
				DEBUG_INFORMATION_FORMAT = "dwarf-with-dsym";
				DEVELOPMENT_TEAM = 2354U295GD;
				INFOPLIST_FILE = ChallengeYourself/Info.plist;
				IPHONEOS_DEPLOYMENT_TARGET = 9.0;
				LD_RUNPATH_SEARCH_PATHS = "$(inherited) @executable_path/Frameworks";
				PRODUCT_BUNDLE_IDENTIFIER = com.endava.challengeyourself;
				PRODUCT_NAME = "$(TARGET_NAME)";
				PROVISIONING_PROFILE = "";
				SWIFT_VERSION = 3.0;
			};
			name = Debug;
		};
		986DF2351E486BD900DE6335 /* Release */ = {
			isa = XCBuildConfiguration;
			baseConfigurationReference = A2FB1FEEA431D6A57E04819B /* Pods-ChallengeYourself.release.xcconfig */;
			buildSettings = {
				ASSETCATALOG_COMPILER_APPICON_NAME = AppIcon;
				CODE_SIGN_IDENTITY = "iPhone Distribution";
				DEBUG_INFORMATION_FORMAT = "dwarf-with-dsym";
				DEVELOPMENT_TEAM = 2354U295GD;
				INFOPLIST_FILE = ChallengeYourself/Info.plist;
				IPHONEOS_DEPLOYMENT_TARGET = 9.0;
				LD_RUNPATH_SEARCH_PATHS = "$(inherited) @executable_path/Frameworks";
				PRODUCT_BUNDLE_IDENTIFIER = com.endava.challengeyourself;
				PRODUCT_NAME = "$(TARGET_NAME)";
				PROVISIONING_PROFILE = "";
				SWIFT_VERSION = 3.0;
			};
			name = Release;
		};
		986DF2371E486BD900DE6335 /* Debug */ = {
			isa = XCBuildConfiguration;
			baseConfigurationReference = 2A4BCAF3C1467BEDFE68ADEE /* Pods-ChallengeYourselfTests.debug.xcconfig */;
			buildSettings = {
				ALWAYS_EMBED_SWIFT_STANDARD_LIBRARIES = YES;
				BUNDLE_LOADER = "$(TEST_HOST)";
				INFOPLIST_FILE = ChallengeYourselfTests/Info.plist;
				LD_RUNPATH_SEARCH_PATHS = "$(inherited) @executable_path/Frameworks @loader_path/Frameworks";
				PRODUCT_BUNDLE_IDENTIFIER = com.endava.ChallengeYourselfTests;
				PRODUCT_NAME = "$(TARGET_NAME)";
				SWIFT_VERSION = 3.0;
				TEST_HOST = "$(BUILT_PRODUCTS_DIR)/ChallengeYourself.app/ChallengeYourself";
			};
			name = Debug;
		};
		986DF2381E486BD900DE6335 /* Release */ = {
			isa = XCBuildConfiguration;
			baseConfigurationReference = 81F9673DBBE53CED6BA05573 /* Pods-ChallengeYourselfTests.release.xcconfig */;
			buildSettings = {
				ALWAYS_EMBED_SWIFT_STANDARD_LIBRARIES = YES;
				BUNDLE_LOADER = "$(TEST_HOST)";
				INFOPLIST_FILE = ChallengeYourselfTests/Info.plist;
				LD_RUNPATH_SEARCH_PATHS = "$(inherited) @executable_path/Frameworks @loader_path/Frameworks";
				PRODUCT_BUNDLE_IDENTIFIER = com.endava.ChallengeYourselfTests;
				PRODUCT_NAME = "$(TARGET_NAME)";
				SWIFT_VERSION = 3.0;
				TEST_HOST = "$(BUILT_PRODUCTS_DIR)/ChallengeYourself.app/ChallengeYourself";
			};
			name = Release;
		};
		986DF23A1E486BD900DE6335 /* Debug */ = {
			isa = XCBuildConfiguration;
			baseConfigurationReference = 48A0E63A16464E08A65BEE23 /* Pods-ChallengeYourselfUITests.debug.xcconfig */;
			buildSettings = {
				ALWAYS_EMBED_SWIFT_STANDARD_LIBRARIES = YES;
				INFOPLIST_FILE = ChallengeYourselfUITests/Info.plist;
				LD_RUNPATH_SEARCH_PATHS = "$(inherited) @executable_path/Frameworks @loader_path/Frameworks";
				PRODUCT_BUNDLE_IDENTIFIER = com.endava.ChallengeYourselfUITests;
				PRODUCT_NAME = "$(TARGET_NAME)";
				SWIFT_VERSION = 3.0;
				TEST_TARGET_NAME = ChallengeYourself;
			};
			name = Debug;
		};
		986DF23B1E486BD900DE6335 /* Release */ = {
			isa = XCBuildConfiguration;
			baseConfigurationReference = FEDE4BF9AA5C270A096FAE87 /* Pods-ChallengeYourselfUITests.release.xcconfig */;
			buildSettings = {
				ALWAYS_EMBED_SWIFT_STANDARD_LIBRARIES = YES;
				INFOPLIST_FILE = ChallengeYourselfUITests/Info.plist;
				LD_RUNPATH_SEARCH_PATHS = "$(inherited) @executable_path/Frameworks @loader_path/Frameworks";
				PRODUCT_BUNDLE_IDENTIFIER = com.endava.ChallengeYourselfUITests;
				PRODUCT_NAME = "$(TARGET_NAME)";
				SWIFT_VERSION = 3.0;
				TEST_TARGET_NAME = ChallengeYourself;
			};
			name = Release;
		};
/* End XCBuildConfiguration section */

/* Begin XCConfigurationList section */
		986DF2061E486BD800DE6335 /* Build configuration list for PBXProject "ChallengeYourself" */ = {
			isa = XCConfigurationList;
			buildConfigurations = (
				986DF2311E486BD900DE6335 /* Debug */,
				986DF2321E486BD900DE6335 /* Release */,
			);
			defaultConfigurationIsVisible = 0;
			defaultConfigurationName = Release;
		};
		986DF2331E486BD900DE6335 /* Build configuration list for PBXNativeTarget "ChallengeYourself" */ = {
			isa = XCConfigurationList;
			buildConfigurations = (
				986DF2341E486BD900DE6335 /* Debug */,
				986DF2351E486BD900DE6335 /* Release */,
			);
			defaultConfigurationIsVisible = 0;
			defaultConfigurationName = Release;
		};
		986DF2361E486BD900DE6335 /* Build configuration list for PBXNativeTarget "ChallengeYourselfTests" */ = {
			isa = XCConfigurationList;
			buildConfigurations = (
				986DF2371E486BD900DE6335 /* Debug */,
				986DF2381E486BD900DE6335 /* Release */,
			);
			defaultConfigurationIsVisible = 0;
			defaultConfigurationName = Release;
		};
		986DF2391E486BD900DE6335 /* Build configuration list for PBXNativeTarget "ChallengeYourselfUITests" */ = {
			isa = XCConfigurationList;
			buildConfigurations = (
				986DF23A1E486BD900DE6335 /* Debug */,
				986DF23B1E486BD900DE6335 /* Release */,
			);
			defaultConfigurationIsVisible = 0;
			defaultConfigurationName = Release;
		};
/* End XCConfigurationList section */
	};
	rootObject = 986DF2031E486BD800DE6335 /* Project object */;
}
